// !$*UTF8*$!
{
	archiveVersion = 1;
	classes = {
	};
	objectVersion = 50;
	objects = {

/* Begin PBXBuildFile section */
		4D4DF4CE249942A1005FB55E /* AppDelegate.swift in Sources */ = {isa = PBXBuildFile; fileRef = 4D4DF4CD249942A1005FB55E /* AppDelegate.swift */; };
		4D4DF4D0249942A1005FB55E /* SceneDelegate.swift in Sources */ = {isa = PBXBuildFile; fileRef = 4D4DF4CF249942A1005FB55E /* SceneDelegate.swift */; };
		4D4DF4D2249942A1005FB55E /* ViewController.swift in Sources */ = {isa = PBXBuildFile; fileRef = 4D4DF4D1249942A1005FB55E /* ViewController.swift */; };
		4D4DF4D5249942A1005FB55E /* Main.storyboard in Resources */ = {isa = PBXBuildFile; fileRef = 4D4DF4D3249942A1005FB55E /* Main.storyboard */; };
		4D4DF4D8249942A1005FB55E /* Calculator.xcdatamodeld in Sources */ = {isa = PBXBuildFile; fileRef = 4D4DF4D6249942A1005FB55E /* Calculator.xcdatamodeld */; };
		4D4DF4DA249942AA005FB55E /* Assets.xcassets in Resources */ = {isa = PBXBuildFile; fileRef = 4D4DF4D9249942AA005FB55E /* Assets.xcassets */; };
		4D4DF4DD249942AA005FB55E /* LaunchScreen.storyboard in Resources */ = {isa = PBXBuildFile; fileRef = 4D4DF4DB249942AA005FB55E /* LaunchScreen.storyboard */; };
		4D4DF4E524997247005FB55E /* Calculate.swift in Sources */ = {isa = PBXBuildFile; fileRef = 4D4DF4E424997247005FB55E /* Calculate.swift */; };
/* End PBXBuildFile section */

/* Begin PBXFileReference section */
		4D4DF4CA249942A1005FB55E /* Calculator.app */ = {isa = PBXFileReference; explicitFileType = wrapper.application; includeInIndex = 0; path = Calculator.app; sourceTree = BUILT_PRODUCTS_DIR; };
		4D4DF4CD249942A1005FB55E /* AppDelegate.swift */ = {isa = PBXFileReference; lastKnownFileType = sourcecode.swift; path = AppDelegate.swift; sourceTree = "<group>"; };
		4D4DF4CF249942A1005FB55E /* SceneDelegate.swift */ = {isa = PBXFileReference; lastKnownFileType = sourcecode.swift; path = SceneDelegate.swift; sourceTree = "<group>"; };
		4D4DF4D1249942A1005FB55E /* ViewController.swift */ = {isa = PBXFileReference; lastKnownFileType = sourcecode.swift; path = ViewController.swift; sourceTree = "<group>"; };
		4D4DF4D4249942A1005FB55E /* Base */ = {isa = PBXFileReference; lastKnownFileType = file.storyboard; name = Base; path = Base.lproj/Main.storyboard; sourceTree = "<group>"; };
		4D4DF4D7249942A1005FB55E /* Calculator.xcdatamodel */ = {isa = PBXFileReference; lastKnownFileType = wrapper.xcdatamodel; path = Calculator.xcdatamodel; sourceTree = "<group>"; };
		4D4DF4D9249942AA005FB55E /* Assets.xcassets */ = {isa = PBXFileReference; lastKnownFileType = folder.assetcatalog; path = Assets.xcassets; sourceTree = "<group>"; };
		4D4DF4DC249942AA005FB55E /* Base */ = {isa = PBXFileReference; lastKnownFileType = file.storyboard; name = Base; path = Base.lproj/LaunchScreen.storyboard; sourceTree = "<group>"; };
		4D4DF4DE249942AA005FB55E /* Info.plist */ = {isa = PBXFileReference; lastKnownFileType = text.plist.xml; path = Info.plist; sourceTree = "<group>"; };
		4D4DF4E424997247005FB55E /* Calculate.swift */ = {isa = PBXFileReference; lastKnownFileType = sourcecode.swift; path = Calculate.swift; sourceTree = "<group>"; };
/* End PBXFileReference section */

/* Begin PBXFrameworksBuildPhase section */
		4D4DF4C7249942A1005FB55E /* Frameworks */ = {
			isa = PBXFrameworksBuildPhase;
			buildActionMask = 2147483647;
			files = (
			);
			runOnlyForDeploymentPostprocessing = 0;
		};
/* End PBXFrameworksBuildPhase section */

/* Begin PBXGroup section */
		4D13AAC8249997F0002A632D /* Controller */ = {
			isa = PBXGroup;
			children = (
				4D4DF4D1249942A1005FB55E /* ViewController.swift */,
			);
			path = Controller;
			sourceTree = "<group>";
		};
		4D13AAC924999800002A632D /* View */ = {
			isa = PBXGroup;
			children = (
				4D4DF4D3249942A1005FB55E /* Main.storyboard */,
			);
			path = View;
			sourceTree = "<group>";
		};
		4D4DF4C1249942A0005FB55E = {
			isa = PBXGroup;
			children = (
				4D4DF4CC249942A1005FB55E /* Calculator */,
				4D4DF4CB249942A1005FB55E /* Products */,
			);
			sourceTree = "<group>";
		};
		4D4DF4CB249942A1005FB55E /* Products */ = {
			isa = PBXGroup;
			children = (
				4D4DF4CA249942A1005FB55E /* Calculator.app */,
			);
			name = Products;
			sourceTree = "<group>";
		};
		4D4DF4CC249942A1005FB55E /* Calculator */ = {
			isa = PBXGroup;
			children = (
				4D4DF4CD249942A1005FB55E /* AppDelegate.swift */,
				4D4DF4CF249942A1005FB55E /* SceneDelegate.swift */,
				4D4DF4E62499724C005FB55E /* Model */,
				4D13AAC8249997F0002A632D /* Controller */,
				4D13AAC924999800002A632D /* View */,
				4D4DF4D9249942AA005FB55E /* Assets.xcassets */,
				4D4DF4DB249942AA005FB55E /* LaunchScreen.storyboard */,
				4D4DF4DE249942AA005FB55E /* Info.plist */,
				4D4DF4D6249942A1005FB55E /* Calculator.xcdatamodeld */,
			);
			path = Calculator;
			sourceTree = "<group>";
		};
		4D4DF4E62499724C005FB55E /* Model */ = {
			isa = PBXGroup;
			children = (
				4D4DF4E424997247005FB55E /* Calculate.swift */,
			);
			path = Model;
			sourceTree = "<group>";
		};
/* End PBXGroup section */

/* Begin PBXNativeTarget section */
		4D4DF4C9249942A1005FB55E /* Calculator */ = {
			isa = PBXNativeTarget;
			buildConfigurationList = 4D4DF4E1249942AA005FB55E /* Build configuration list for PBXNativeTarget "Calculator" */;
			buildPhases = (
				4D4DF4C6249942A1005FB55E /* Sources */,
				4D4DF4C7249942A1005FB55E /* Frameworks */,
				4D4DF4C8249942A1005FB55E /* Resources */,
			);
			buildRules = (
			);
			dependencies = (
			);
			name = Calculator;
			productName = Calculator;
			productReference = 4D4DF4CA249942A1005FB55E /* Calculator.app */;
			productType = "com.apple.product-type.application";
		};
/* End PBXNativeTarget section */

/* Begin PBXProject section */
		4D4DF4C2249942A0005FB55E /* Project object */ = {
			isa = PBXProject;
			attributes = {
				LastSwiftUpdateCheck = 1150;
				LastUpgradeCheck = 1150;
				ORGANIZATIONNAME = "Arti Karnik";
				TargetAttributes = {
					4D4DF4C9249942A1005FB55E = {
						CreatedOnToolsVersion = 11.5;
					};
				};
			};
			buildConfigurationList = 4D4DF4C5249942A0005FB55E /* Build configuration list for PBXProject "Calculator" */;
			compatibilityVersion = "Xcode 9.3";
			developmentRegion = en;
			hasScannedForEncodings = 0;
			knownRegions = (
				en,
				Base,
			);
			mainGroup = 4D4DF4C1249942A0005FB55E;
			productRefGroup = 4D4DF4CB249942A1005FB55E /* Products */;
			projectDirPath = "";
			projectRoot = "";
			targets = (
				4D4DF4C9249942A1005FB55E /* Calculator */,
			);
		};
/* End PBXProject section */

/* Begin PBXResourcesBuildPhase section */
		4D4DF4C8249942A1005FB55E /* Resources */ = {
			isa = PBXResourcesBuildPhase;
			buildActionMask = 2147483647;
			files = (
				4D4DF4DD249942AA005FB55E /* LaunchScreen.storyboard in Resources */,
				4D4DF4DA249942AA005FB55E /* Assets.xcassets in Resources */,
				4D4DF4D5249942A1005FB55E /* Main.storyboard in Resources */,
			);
			runOnlyForDeploymentPostprocessing = 0;
		};
/* End PBXResourcesBuildPhase section */

/* Begin PBXSourcesBuildPhase section */
		4D4DF4C6249942A1005FB55E /* Sources */ = {
			isa = PBXSourcesBuildPhase;
			buildActionMask = 2147483647;
			files = (
				4D4DF4D2249942A1005FB55E /* ViewController.swift in Sources */,
				4D4DF4E524997247005FB55E /* Calculate.swift in Sources */,
				4D4DF4D8249942A1005FB55E /* Calculator.xcdatamodeld in Sources */,
				4D4DF4CE249942A1005FB55E /* AppDelegate.swift in Sources */,
				4D4DF4D0249942A1005FB55E /* SceneDelegate.swift in Sources */,
			);
			runOnlyForDeploymentPostprocessing = 0;
		};
/* End PBXSourcesBuildPhase section */

/* Begin PBXVariantGroup section */
		4D4DF4D3249942A1005FB55E /* Main.storyboard */ = {
			isa = PBXVariantGroup;
			children = (
				4D4DF4D4249942A1005FB55E /* Base */,
			);
			name = Main.storyboard;
			sourceTree = "<group>";
		};
		4D4DF4DB249942AA005FB55E /* LaunchScreen.storyboard */ = {
			isa = PBXVariantGroup;
			children = (
				4D4DF4DC249942AA005FB55E /* Base */,
			);
			name = LaunchScreen.storyboard;
			sourceTree = "<group>";
		};
/* End PBXVariantGroup section */

/* Begin XCBuildConfiguration section */
		4D4DF4DF249942AA005FB55E /* Debug */ = {
			isa = XCBuildConfiguration;
			buildSettings = {
				ALWAYS_SEARCH_USER_PATHS = NO;
				CLANG_ANALYZER_NONNULL = YES;
				CLANG_ANALYZER_NUMBER_OBJECT_CONVERSION = YES_AGGRESSIVE;
				CLANG_CXX_LANGUAGE_STANDARD = "gnu++14";
				CLANG_CXX_LIBRARY = "libc++";
				CLANG_ENABLE_MODULES = YES;
				CLANG_ENABLE_OBJC_ARC = YES;
				CLANG_ENABLE_OBJC_WEAK = YES;
				CLANG_WARN_BLOCK_CAPTURE_AUTORELEASING = YES;
				CLANG_WARN_BOOL_CONVERSION = YES;
				CLANG_WARN_COMMA = YES;
				CLANG_WARN_CONSTANT_CONVERSION = YES;
				CLANG_WARN_DEPRECATED_OBJC_IMPLEMENTATIONS = YES;
				CLANG_WARN_DIRECT_OBJC_ISA_USAGE = YES_ERROR;
				CLANG_WARN_DOCUMENTATION_COMMENTS = YES;
				CLANG_WARN_EMPTY_BODY = YES;
				CLANG_WARN_ENUM_CONVERSION = YES;
				CLANG_WARN_INFINITE_RECURSION = YES;
				CLANG_WARN_INT_CONVERSION = YES;
				CLANG_WARN_NON_LITERAL_NULL_CONVERSION = YES;
				CLANG_WARN_OBJC_IMPLICIT_RETAIN_SELF = YES;
				CLANG_WARN_OBJC_LITERAL_CONVERSION = YES;
				CLANG_WARN_OBJC_ROOT_CLASS = YES_ERROR;
				CLANG_WARN_RANGE_LOOP_ANALYSIS = YES;
				CLANG_WARN_STRICT_PROTOTYPES = YES;
				CLANG_WARN_SUSPICIOUS_MOVE = YES;
				CLANG_WARN_UNGUARDED_AVAILABILITY = YES_AGGRESSIVE;
				CLANG_WARN_UNREACHABLE_CODE = YES;
				CLANG_WARN__DUPLICATE_METHOD_MATCH = YES;
				COPY_PHASE_STRIP = NO;
				DEBUG_INFORMATION_FORMAT = dwarf;
				ENABLE_STRICT_OBJC_MSGSEND = YES;
				ENABLE_TESTABILITY = YES;
				GCC_C_LANGUAGE_STANDARD = gnu11;
				GCC_DYNAMIC_NO_PIC = NO;
				GCC_NO_COMMON_BLOCKS = YES;
				GCC_OPTIMIZATION_LEVEL = 0;
				GCC_PREPROCESSOR_DEFINITIONS = (
					"DEBUG=1",
					"$(inherited)",
				);
				GCC_WARN_64_TO_32_BIT_CONVERSION = YES;
				GCC_WARN_ABOUT_RETURN_TYPE = YES_ERROR;
				GCC_WARN_UNDECLARED_SELECTOR = YES;
				GCC_WARN_UNINITIALIZED_AUTOS = YES_AGGRESSIVE;
				GCC_WARN_UNUSED_FUNCTION = YES;
				GCC_WARN_UNUSED_VARIABLE = YES;
				IPHONEOS_DEPLOYMENT_TARGET = 13.5;
				MTL_ENABLE_DEBUG_INFO = INCLUDE_SOURCE;
				MTL_FAST_MATH = YES;
				ONLY_ACTIVE_ARCH = YES;
				SDKROOT = iphoneos;
				SWIFT_ACTIVE_COMPILATION_CONDITIONS = DEBUG;
				SWIFT_OPTIMIZATION_LEVEL = "-Onone";
			};
			name = Debug;
		};
		4D4DF4E0249942AA005FB55E /* Release */ = {
			isa = XCBuildConfiguration;
			buildSettings = {
				ALWAYS_SEARCH_USER_PATHS = NO;
				CLANG_ANALYZER_NONNULL = YES;
				CLANG_ANALYZER_NUMBER_OBJECT_CONVERSION = YES_AGGRESSIVE;
				CLANG_CXX_LANGUAGE_STANDARD = "gnu++14";
				CLANG_CXX_LIBRARY = "libc++";
				CLANG_ENABLE_MODULES = YES;
				CLANG_ENABLE_OBJC_ARC = YES;
				CLANG_ENABLE_OBJC_WEAK = YES;
				CLANG_WARN_BLOCK_CAPTURE_AUTORELEASING = YES;
				CLANG_WARN_BOOL_CONVERSION = YES;
				CLANG_WARN_COMMA = YES;
				CLANG_WARN_CONSTANT_CONVERSION = YES;
				CLANG_WARN_DEPRECATED_OBJC_IMPLEMENTATIONS = YES;
				CLANG_WARN_DIRECT_OBJC_ISA_USAGE = YES_ERROR;
				CLANG_WARN_DOCUMENTATION_COMMENTS = YES;
				CLANG_WARN_EMPTY_BODY = YES;
				CLANG_WARN_ENUM_CONVERSION = YES;
				CLANG_WARN_INFINITE_RECURSION = YES;
				CLANG_WARN_INT_CONVERSION = YES;
				CLANG_WARN_NON_LITERAL_NULL_CONVERSION = YES;
				CLANG_WARN_OBJC_IMPLICIT_RETAIN_SELF = YES;
				CLANG_WARN_OBJC_LITERAL_CONVERSION = YES;
				CLANG_WARN_OBJC_ROOT_CLASS = YES_ERROR;
				CLANG_WARN_RANGE_LOOP_ANALYSIS = YES;
				CLANG_WARN_STRICT_PROTOTYPES = YES;
				CLANG_WARN_SUSPICIOUS_MOVE = YES;
				CLANG_WARN_UNGUARDED_AVAILABILITY = YES_AGGRESSIVE;
				CLANG_WARN_UNREACHABLE_CODE = YES;
				CLANG_WARN__DUPLICATE_METHOD_MATCH = YES;
				COPY_PHASE_STRIP = NO;
				DEBUG_INFORMATION_FORMAT = "dwarf-with-dsym";
				ENABLE_NS_ASSERTIONS = NO;
				ENABLE_STRICT_OBJC_MSGSEND = YES;
				GCC_C_LANGUAGE_STANDARD = gnu11;
				GCC_NO_COMMON_BLOCKS = YES;
				GCC_WARN_64_TO_32_BIT_CONVERSION = YES;
				GCC_WARN_ABOUT_RETURN_TYPE = YES_ERROR;
				GCC_WARN_UNDECLARED_SELECTOR = YES;
				GCC_WARN_UNINITIALIZED_AUTOS = YES_AGGRESSIVE;
				GCC_WARN_UNUSED_FUNCTION = YES;
				GCC_WARN_UNUSED_VARIABLE = YES;
				IPHONEOS_DEPLOYMENT_TARGET = 13.5;
				MTL_ENABLE_DEBUG_INFO = NO;
				MTL_FAST_MATH = YES;
				SDKROOT = iphoneos;
				SWIFT_COMPILATION_MODE = wholemodule;
				SWIFT_OPTIMIZATION_LEVEL = "-O";
				VALIDATE_PRODUCT = YES;
			};
			name = Release;
		};
		4D4DF4E2249942AA005FB55E /* Debug */ = {
			isa = XCBuildConfiguration;
			buildSettings = {
				ASSETCATALOG_COMPILER_APPICON_NAME = AppIcon;
				CODE_SIGN_STYLE = Automatic;
				INFOPLIST_FILE = Calculator/Info.plist;
				LD_RUNPATH_SEARCH_PATHS = (
					"$(inherited)",
					"@executable_path/Frameworks",
				);
				PRODUCT_BUNDLE_IDENTIFIER = com.arti.com.Calculator;
				PRODUCT_NAME = "$(TARGET_NAME)";
				SWIFT_VERSION = 5.0;
				TARGETED_DEVICE_FAMILY = "1,2";
			};
			name = Debug;
		};
		4D4DF4E3249942AA005FB55E /* Release */ = {
			isa = XCBuildConfiguration;
			buildSettings = {
				ASSETCATALOG_COMPILER_APPICON_NAME = AppIcon;
				CODE_SIGN_STYLE = Automatic;
				INFOPLIST_FILE = Calculator/Info.plist;
				LD_RUNPATH_SEARCH_PATHS = (
					"$(inherited)",
					"@executable_path/Frameworks",
				);
				PRODUCT_BUNDLE_IDENTIFIER = com.arti.com.Calculator;
				PRODUCT_NAME = "$(TARGET_NAME)";
				SWIFT_VERSION = 5.0;
				TARGETED_DEVICE_FAMILY = "1,2";
			};
			name = Release;
		};
/* End XCBuildConfiguration section */

/* Begin XCConfigurationList section */
		4D4DF4C5249942A0005FB55E /* Build configuration list for PBXProject "Calculator" */ = {
			isa = XCConfigurationList;
			buildConfigurations = (
				4D4DF4DF249942AA005FB55E /* Debug */,
				4D4DF4E0249942AA005FB55E /* Release */,
			);
			defaultConfigurationIsVisible = 0;
			defaultConfigurationName = Release;
		};
		4D4DF4E1249942AA005FB55E /* Build configuration list for PBXNativeTarget "Calculator" */ = {
			isa = XCConfigurationList;
			buildConfigurations = (
				4D4DF4E2249942AA005FB55E /* Debug */,
				4D4DF4E3249942AA005FB55E /* Release */,
			);
			defaultConfigurationIsVisible = 0;
			defaultConfigurationName = Release;
		};
/* End XCConfigurationList section */

/* Begin XCVersionGroup section */
		4D4DF4D6249942A1005FB55E /* Calculator.xcdatamodeld */ = {
			isa = XCVersionGroup;
			children = (
				4D4DF4D7249942A1005FB55E /* Calculator.xcdatamodel */,
			);
			currentVersion = 4D4DF4D7249942A1005FB55E /* Calculator.xcdatamodel */;
			path = Calculator.xcdatamodeld;
			sourceTree = "<group>";
			versionGroupType = wrapper.xcdatamodel;
		};
/* End XCVersionGroup section */
	};
	rootObject = 4D4DF4C2249942A0005FB55E /* Project object */;
}
